
Microsoft Visual Studio Solution File, Format Version 12.00
# Visual Studio Version 17
VisualStudioVersion = 17.8.34330.188
MinimumVisualStudioVersion = 10.0.40219.1
Project("{FAE04EC0-301F-11D3-BF4B-00C04F79EFBC}") = "BucketBackend", "BucketBackend.csproj", "{8E45130A-A16F-45CC-9F2B-24B5FD098330}"
EndProject
Global
	GlobalSection(SolutionConfigurationPlatforms) = preSolution
		Debug|Any CPU = Debug|Any CPU
		Release|Any CPU = Release|Any CPU
	EndGlobalSection
	GlobalSection(ProjectConfigurationPlatforms) = postSolution
		{8E45130A-A16F-45CC-9F2B-24B5FD098330}.Debug|Any CPU.ActiveCfg = Debug|Any CPU
		{8E45130A-A16F-45CC-9F2B-24B5FD098330}.Debug|Any CPU.Build.0 = Debug|Any CPU
		{8E45130A-A16F-45CC-9F2B-24B5FD098330}.Release|Any CPU.ActiveCfg = Release|Any CPU
		{8E45130A-A16F-45CC-9F2B-24B5FD098330}.Release|Any CPU.Build.0 = Release|Any CPU
	EndGlobalSection
	GlobalSection(SolutionProperties) = preSolution
		HideSolutionNode = FALSE
	EndGlobalSection
	GlobalSection(ExtensibilityGlobals) = postSolution
		SolutionGuid = {902F2844-5063-4F13-B12C-BB90FEA5C0BA}
	EndGlobalSection
EndGlobal
